<?xml version="1.0" encoding="UTF-8" standalone="yes" ?>
<CodeBlocks_project_file>
	<FileVersion major="1" minor="6" />
	<Project>
		<Option title="Map Manager" />
		<Option pch_mode="2" />
		<Option compiler="gcc" />
		<Build>
			<Target title="Debug">
				<Option output="bin/Debug/Map Manager" prefix_auto="1" extension_auto="1" />
				<Option object_output="obj/Debug/" />
				<Option type="0" />
				<Option compiler="gcc" />
				<Compiler>
					<Add option="-g" />
					<Add option="-DSFML_STATIC" />
					<Add directory="../../../../Ressources/Librairies/SFML-2.1  GCC 4.7 TDM (SJLJ) - 32 bits/include" />
				</Compiler>
				<Linker>
					<Add library="sfml-graphics-s-d" />
					<Add library="sfml-window-s-d" />
					<Add library="sfml-system-s-d" />
					<Add directory="../../../../Ressources/Librairies/SFML-2.1  GCC 4.7 TDM (SJLJ) - 32 bits/lib" />
				</Linker>
			</Target>
			<Target title="Release">
				<Option output="bin/Release/Map Manager" prefix_auto="1" extension_auto="1" />
				<Option object_output="obj/Release/" />
				<Option type="0" />
				<Option compiler="gcc" />
				<Compiler>
					<Add option="-O2" />
					<Add option="-DSFML_STATIC" />
					<Add directory="../../../../Ressources/Librairies/SFML-2.1  GCC 4.7 TDM (SJLJ) - 32 bits/include" />
				</Compiler>
				<Linker>
					<Add option="-s" />
					<Add library="sfml-graphics-s" />
					<Add library="sfml-window-s" />
					<Add library="sfml-system-s" />
					<Add directory="../../../../Ressources/Librairies/SFML-2.1  GCC 4.7 TDM (SJLJ) - 32 bits/lib" />
				</Linker>
			</Target>
		</Build>
		<Compiler>
			<Add option="-Wall" />
		</Compiler>
		<Unit filename="Debug.cpp" />
		<Unit filename="Debug.h" />
		<Unit filename="Effect.cpp" />
		<Unit filename="Effect.h" />
		<Unit filename="Entity.cpp" />
		<Unit filename="Entity.h" />
		<Unit filename="Movable.cpp" />
		<Unit filename="Movable.h" />
		<Unit filename="Spell.cpp" />
		<Unit filename="Spell.h" />
		<Unit filename="main.cpp" />
		<Extensions>
			<code_completion />
			<envvars />
			<debugger />
		</Extensions>
	</Project>
</CodeBlocks_project_file>
